// !$*UTF8*$!
{
	archiveVersion = 1;
	classes = {
	};
	objectVersion = 50;
	objects = {

/* Begin PBXBuildFile section */
		9C398A3C208118AF00BCDD46 /* AppDelegate.swift in Sources */ = {isa = PBXBuildFile; fileRef = 9C398A3B208118AF00BCDD46 /* AppDelegate.swift */; };
		9C398A3E208118AF00BCDD46 /* ViewController.swift in Sources */ = {isa = PBXBuildFile; fileRef = 9C398A3D208118AF00BCDD46 /* ViewController.swift */; };
		9C398A41208118AF00BCDD46 /* Main.storyboard in Resources */ = {isa = PBXBuildFile; fileRef = 9C398A3F208118AF00BCDD46 /* Main.storyboard */; };
		9C398A43208118B000BCDD46 /* Assets.xcassets in Resources */ = {isa = PBXBuildFile; fileRef = 9C398A42208118B000BCDD46 /* Assets.xcassets */; };
		9C398A46208118B000BCDD46 /* LaunchScreen.storyboard in Resources */ = {isa = PBXBuildFile; fileRef = 9C398A44208118B000BCDD46 /* LaunchScreen.storyboard */; };
		9C398B082081193D00BCDD46 /* lobby.png in Resources */ = {isa = PBXBuildFile; fileRef = 9C398AF32081193D00BCDD46 /* lobby.png */; };
		9C398B092081193D00BCDD46 /* battlebg.png in Resources */ = {isa = PBXBuildFile; fileRef = 9C398AF42081193D00BCDD46 /* battlebg.png */; };
		9C398B0A2081193D00BCDD46 /* bgimage.jpg in Resources */ = {isa = PBXBuildFile; fileRef = 9C398AF52081193D00BCDD46 /* bgimage.jpg */; };
		9C398B0B2081193D00BCDD46 /* waku.png in Resources */ = {isa = PBXBuildFile; fileRef = 9C398AF62081193D00BCDD46 /* waku.png */; };
		9C398B0C2081193D00BCDD46 /* gold_button.png in Resources */ = {isa = PBXBuildFile; fileRef = 9C398AF72081193D00BCDD46 /* gold_button.png */; };
		9C398B0D2081193D00BCDD46 /* yusya.png in Resources */ = {isa = PBXBuildFile; fileRef = 9C398AF82081193D00BCDD46 /* yusya.png */; };
		9C398B0E2081193D00BCDD46 /* monster.png in Resources */ = {isa = PBXBuildFile; fileRef = 9C398AF92081193D00BCDD46 /* monster.png */; };
		9C398B0F2081193D00BCDD46 /* Enemy.swift in Sources */ = {isa = PBXBuildFile; fileRef = 9C398AFB2081193D00BCDD46 /* Enemy.swift */; };
		9C398B102081193D00BCDD46 /* TechDraUtil.swift in Sources */ = {isa = PBXBuildFile; fileRef = 9C398AFC2081193D00BCDD46 /* TechDraUtil.swift */; };
		9C398B112081193D00BCDD46 /* Player.swift in Sources */ = {isa = PBXBuildFile; fileRef = 9C398AFD2081193D00BCDD46 /* Player.swift */; };
		9C398B122081193D00BCDD46 /* SE_fanfare.mp3 in Resources */ = {isa = PBXBuildFile; fileRef = 9C398AFF2081193D00BCDD46 /* SE_fanfare.mp3 */; };
		9C398B132081193D00BCDD46 /* BGM_battle001.mp3 in Resources */ = {isa = PBXBuildFile; fileRef = 9C398B002081193D00BCDD46 /* BGM_battle001.mp3 */; };
		9C398B142081193D00BCDD46 /* SE_fire.mp3 in Resources */ = {isa = PBXBuildFile; fileRef = 9C398B012081193D00BCDD46 /* SE_fire.mp3 */; };
		9C398B152081193D00BCDD46 /* SE_attack.mp3 in Resources */ = {isa = PBXBuildFile; fileRef = 9C398B022081193D00BCDD46 /* SE_attack.mp3 */; };
		9C398B162081193D00BCDD46 /* SE_gameover.mp3 in Resources */ = {isa = PBXBuildFile; fileRef = 9C398B032081193D00BCDD46 /* SE_gameover.mp3 */; };
		9C398B172081193D00BCDD46 /* SE_charge.mp3 in Resources */ = {isa = PBXBuildFile; fileRef = 9C398B042081193D00BCDD46 /* SE_charge.mp3 */; };
		9C398B182081193D00BCDD46 /* lobby.mp3 in Resources */ = {isa = PBXBuildFile; fileRef = 9C398B052081193D00BCDD46 /* lobby.mp3 */; };
		9C398B192081193D00BCDD46 /* misaki_gothic.ttf in Resources */ = {isa = PBXBuildFile; fileRef = 9C398B072081193D00BCDD46 /* misaki_gothic.ttf */; };
		9C398B1B20811C4100BCDD46 /* LobbyViewController.swift in Sources */ = {isa = PBXBuildFile; fileRef = 9C398B1A20811C4100BCDD46 /* LobbyViewController.swift */; };
		9C398B1D20811C8400BCDD46 /* BattleViewController.swift in Sources */ = {isa = PBXBuildFile; fileRef = 9C398B1C20811C8400BCDD46 /* BattleViewController.swift */; };
/* End PBXBuildFile section */

/* Begin PBXFileReference section */
		9C398A38208118AF00BCDD46 /* TechMonster.app */ = {isa = PBXFileReference; explicitFileType = wrapper.application; includeInIndex = 0; path = TechMonster.app; sourceTree = BUILT_PRODUCTS_DIR; };
		9C398A3B208118AF00BCDD46 /* AppDelegate.swift */ = {isa = PBXFileReference; lastKnownFileType = sourcecode.swift; path = AppDelegate.swift; sourceTree = "<group>"; };
		9C398A3D208118AF00BCDD46 /* ViewController.swift */ = {isa = PBXFileReference; lastKnownFileType = sourcecode.swift; path = ViewController.swift; sourceTree = "<group>"; };
		9C398A40208118AF00BCDD46 /* Base */ = {isa = PBXFileReference; lastKnownFileType = file.storyboard; name = Base; path = Base.lproj/Main.storyboard; sourceTree = "<group>"; };
		9C398A42208118B000BCDD46 /* Assets.xcassets */ = {isa = PBXFileReference; lastKnownFileType = folder.assetcatalog; path = Assets.xcassets; sourceTree = "<group>"; };
		9C398A45208118B000BCDD46 /* Base */ = {isa = PBXFileReference; lastKnownFileType = file.storyboard; name = Base; path = Base.lproj/LaunchScreen.storyboard; sourceTree = "<group>"; };
		9C398A47208118B000BCDD46 /* Info.plist */ = {isa = PBXFileReference; lastKnownFileType = text.plist.xml; path = Info.plist; sourceTree = "<group>"; };
		9C398AF32081193D00BCDD46 /* lobby.png */ = {isa = PBXFileReference; lastKnownFileType = image.png; path = lobby.png; sourceTree = "<group>"; };
		9C398AF42081193D00BCDD46 /* battlebg.png */ = {isa = PBXFileReference; lastKnownFileType = image.png; path = battlebg.png; sourceTree = "<group>"; };
		9C398AF52081193D00BCDD46 /* bgimage.jpg */ = {isa = PBXFileReference; lastKnownFileType = image.jpeg; path = bgimage.jpg; sourceTree = "<group>"; };
		9C398AF62081193D00BCDD46 /* waku.png */ = {isa = PBXFileReference; lastKnownFileType = image.png; path = waku.png; sourceTree = "<group>"; };
		9C398AF72081193D00BCDD46 /* gold_button.png */ = {isa = PBXFileReference; lastKnownFileType = image.png; path = gold_button.png; sourceTree = "<group>"; };
		9C398AF82081193D00BCDD46 /* yusya.png */ = {isa = PBXFileReference; lastKnownFileType = image.png; path = yusya.png; sourceTree = "<group>"; };
		9C398AF92081193D00BCDD46 /* monster.png */ = {isa = PBXFileReference; lastKnownFileType = image.png; path = monster.png; sourceTree = "<group>"; };
		9C398AFB2081193D00BCDD46 /* Enemy.swift */ = {isa = PBXFileReference; fileEncoding = 4; lastKnownFileType = sourcecode.swift; path = Enemy.swift; sourceTree = "<group>"; };
		9C398AFC2081193D00BCDD46 /* TechDraUtil.swift */ = {isa = PBXFileReference; fileEncoding = 4; lastKnownFileType = sourcecode.swift; path = TechDraUtil.swift; sourceTree = "<group>"; };
		9C398AFD2081193D00BCDD46 /* Player.swift */ = {isa = PBXFileReference; fileEncoding = 4; lastKnownFileType = sourcecode.swift; path = Player.swift; sourceTree = "<group>"; };
		9C398AFF2081193D00BCDD46 /* SE_fanfare.mp3 */ = {isa = PBXFileReference; lastKnownFileType = audio.mp3; path = SE_fanfare.mp3; sourceTree = "<group>"; };
		9C398B002081193D00BCDD46 /* BGM_battle001.mp3 */ = {isa = PBXFileReference; lastKnownFileType = audio.mp3; path = BGM_battle001.mp3; sourceTree = "<group>"; };
		9C398B012081193D00BCDD46 /* SE_fire.mp3 */ = {isa = PBXFileReference; lastKnownFileType = audio.mp3; path = SE_fire.mp3; sourceTree = "<group>"; };
		9C398B022081193D00BCDD46 /* SE_attack.mp3 */ = {isa = PBXFileReference; lastKnownFileType = audio.mp3; path = SE_attack.mp3; sourceTree = "<group>"; };
		9C398B032081193D00BCDD46 /* SE_gameover.mp3 */ = {isa = PBXFileReference; lastKnownFileType = audio.mp3; path = SE_gameover.mp3; sourceTree = "<group>"; };
		9C398B042081193D00BCDD46 /* SE_charge.mp3 */ = {isa = PBXFileReference; lastKnownFileType = audio.mp3; path = SE_charge.mp3; sourceTree = "<group>"; };
		9C398B052081193D00BCDD46 /* lobby.mp3 */ = {isa = PBXFileReference; lastKnownFileType = audio.mp3; path = lobby.mp3; sourceTree = "<group>"; };
		9C398B072081193D00BCDD46 /* misaki_gothic.ttf */ = {isa = PBXFileReference; lastKnownFileType = file; path = misaki_gothic.ttf; sourceTree = "<group>"; };
		9C398B1A20811C4100BCDD46 /* LobbyViewController.swift */ = {isa = PBXFileReference; lastKnownFileType = sourcecode.swift; path = LobbyViewController.swift; sourceTree = "<group>"; };
		9C398B1C20811C8400BCDD46 /* BattleViewController.swift */ = {isa = PBXFileReference; lastKnownFileType = sourcecode.swift; path = BattleViewController.swift; sourceTree = "<group>"; };
/* End PBXFileReference section */

/* Begin PBXFrameworksBuildPhase section */
		9C398A35208118AF00BCDD46 /* Frameworks */ = {
			isa = PBXFrameworksBuildPhase;
			buildActionMask = 2147483647;
			files = (
			);
			runOnlyForDeploymentPostprocessing = 0;
		};
/* End PBXFrameworksBuildPhase section */

/* Begin PBXGroup section */
		9C398A2F208118AF00BCDD46 = {
			isa = PBXGroup;
			children = (
				9C398AF12081193D00BCDD46 /* TechMon_Resources */,
				9C398A3A208118AF00BCDD46 /* TechMonster */,
				9C398A39208118AF00BCDD46 /* Products */,
			);
			sourceTree = "<group>";
		};
		9C398A39208118AF00BCDD46 /* Products */ = {
			isa = PBXGroup;
			children = (
				9C398A38208118AF00BCDD46 /* TechMonster.app */,
			);
			name = Products;
			sourceTree = "<group>";
		};
		9C398A3A208118AF00BCDD46 /* TechMonster */ = {
			isa = PBXGroup;
			children = (
				9C398A3B208118AF00BCDD46 /* AppDelegate.swift */,
				9C398A3D208118AF00BCDD46 /* ViewController.swift */,
				9C398A3F208118AF00BCDD46 /* Main.storyboard */,
				9C398A42208118B000BCDD46 /* Assets.xcassets */,
				9C398A44208118B000BCDD46 /* LaunchScreen.storyboard */,
				9C398A47208118B000BCDD46 /* Info.plist */,
				9C398B1A20811C4100BCDD46 /* LobbyViewController.swift */,
				9C398B1C20811C8400BCDD46 /* BattleViewController.swift */,
			);
			path = TechMonster;
			sourceTree = "<group>";
		};
		9C398AF12081193D00BCDD46 /* TechMon_Resources */ = {
			isa = PBXGroup;
			children = (
				9C398AF22081193D00BCDD46 /* Images */,
				9C398AFA2081193D00BCDD46 /* Models */,
				9C398AFE2081193D00BCDD46 /* Sounds */,
				9C398B062081193D00BCDD46 /* Fonts */,
			);
			path = TechMon_Resources;
			sourceTree = "<group>";
		};
		9C398AF22081193D00BCDD46 /* Images */ = {
			isa = PBXGroup;
			children = (
				9C398AF32081193D00BCDD46 /* lobby.png */,
				9C398AF42081193D00BCDD46 /* battlebg.png */,
				9C398AF52081193D00BCDD46 /* bgimage.jpg */,
				9C398AF62081193D00BCDD46 /* waku.png */,
				9C398AF72081193D00BCDD46 /* gold_button.png */,
				9C398AF82081193D00BCDD46 /* yusya.png */,
				9C398AF92081193D00BCDD46 /* monster.png */,
			);
			path = Images;
			sourceTree = "<group>";
		};
		9C398AFA2081193D00BCDD46 /* Models */ = {
			isa = PBXGroup;
			children = (
				9C398AFB2081193D00BCDD46 /* Enemy.swift */,
				9C398AFC2081193D00BCDD46 /* TechDraUtil.swift */,
				9C398AFD2081193D00BCDD46 /* Player.swift */,
			);
			path = Models;
			sourceTree = "<group>";
		};
		9C398AFE2081193D00BCDD46 /* Sounds */ = {
			isa = PBXGroup;
			children = (
				9C398AFF2081193D00BCDD46 /* SE_fanfare.mp3 */,
				9C398B002081193D00BCDD46 /* BGM_battle001.mp3 */,
				9C398B012081193D00BCDD46 /* SE_fire.mp3 */,
				9C398B022081193D00BCDD46 /* SE_attack.mp3 */,
				9C398B032081193D00BCDD46 /* SE_gameover.mp3 */,
				9C398B042081193D00BCDD46 /* SE_charge.mp3 */,
				9C398B052081193D00BCDD46 /* lobby.mp3 */,
			);
			path = Sounds;
			sourceTree = "<group>";
		};
		9C398B062081193D00BCDD46 /* Fonts */ = {
			isa = PBXGroup;
			children = (
				9C398B072081193D00BCDD46 /* misaki_gothic.ttf */,
			);
			path = Fonts;
			sourceTree = "<group>";
		};
/* End PBXGroup section */

/* Begin PBXNativeTarget section */
		9C398A37208118AF00BCDD46 /* TechMonster */ = {
			isa = PBXNativeTarget;
			buildConfigurationList = 9C398A4A208118B000BCDD46 /* Build configuration list for PBXNativeTarget "TechMonster" */;
			buildPhases = (
				9C398A34208118AF00BCDD46 /* Sources */,
				9C398A35208118AF00BCDD46 /* Frameworks */,
				9C398A36208118AF00BCDD46 /* Resources */,
			);
			buildRules = (
			);
			dependencies = (
			);
			name = TechMonster;
			productName = TechMonster;
			productReference = 9C398A38208118AF00BCDD46 /* TechMonster.app */;
			productType = "com.apple.product-type.application";
		};
/* End PBXNativeTarget section */

/* Begin PBXProject section */
		9C398A30208118AF00BCDD46 /* Project object */ = {
			isa = PBXProject;
			attributes = {
				LastSwiftUpdateCheck = 0930;
				LastUpgradeCheck = 0930;
				ORGANIZATIONNAME = litech;
				TargetAttributes = {
					9C398A37208118AF00BCDD46 = {
						CreatedOnToolsVersion = 9.3;
					};
				};
			};
			buildConfigurationList = 9C398A33208118AF00BCDD46 /* Build configuration list for PBXProject "TechMonster" */;
			compatibilityVersion = "Xcode 9.3";
			developmentRegion = en;
			hasScannedForEncodings = 0;
			knownRegions = (
				en,
				Base,
			);
			mainGroup = 9C398A2F208118AF00BCDD46;
			productRefGroup = 9C398A39208118AF00BCDD46 /* Products */;
			projectDirPath = "";
			projectRoot = "";
			targets = (
				9C398A37208118AF00BCDD46 /* TechMonster */,
			);
		};
/* End PBXProject section */

/* Begin PBXResourcesBuildPhase section */
		9C398A36208118AF00BCDD46 /* Resources */ = {
			isa = PBXResourcesBuildPhase;
			buildActionMask = 2147483647;
			files = (
				9C398B0D2081193D00BCDD46 /* yusya.png in Resources */,
				9C398B0A2081193D00BCDD46 /* bgimage.jpg in Resources */,
				9C398B0B2081193D00BCDD46 /* waku.png in Resources */,
				9C398B122081193D00BCDD46 /* SE_fanfare.mp3 in Resources */,
				9C398B082081193D00BCDD46 /* lobby.png in Resources */,
				9C398B0C2081193D00BCDD46 /* gold_button.png in Resources */,
				9C398B152081193D00BCDD46 /* SE_attack.mp3 in Resources */,
				9C398A46208118B000BCDD46 /* LaunchScreen.storyboard in Resources */,
				9C398B182081193D00BCDD46 /* lobby.mp3 in Resources */,
				9C398A43208118B000BCDD46 /* Assets.xcassets in Resources */,
				9C398B192081193D00BCDD46 /* misaki_gothic.ttf in Resources */,
				9C398B162081193D00BCDD46 /* SE_gameover.mp3 in Resources */,
				9C398B092081193D00BCDD46 /* battlebg.png in Resources */,
				9C398B132081193D00BCDD46 /* BGM_battle001.mp3 in Resources */,
				9C398B172081193D00BCDD46 /* SE_charge.mp3 in Resources */,
				9C398B142081193D00BCDD46 /* SE_fire.mp3 in Resources */,
				9C398B0E2081193D00BCDD46 /* monster.png in Resources */,
				9C398A41208118AF00BCDD46 /* Main.storyboard in Resources */,
			);
			runOnlyForDeploymentPostprocessing = 0;
		};
/* End PBXResourcesBuildPhase section */

/* Begin PBXSourcesBuildPhase section */
		9C398A34208118AF00BCDD46 /* Sources */ = {
			isa = PBXSourcesBuildPhase;
			buildActionMask = 2147483647;
			files = (
				9C398B1D20811C8400BCDD46 /* BattleViewController.swift in Sources */,
				9C398A3E208118AF00BCDD46 /* ViewController.swift in Sources */,
				9C398B102081193D00BCDD46 /* TechDraUtil.swift in Sources */,
				9C398A3C208118AF00BCDD46 /* AppDelegate.swift in Sources */,
				9C398B1B20811C4100BCDD46 /* LobbyViewController.swift in Sources */,
				9C398B112081193D00BCDD46 /* Player.swift in Sources */,
				9C398B0F2081193D00BCDD46 /* Enemy.swift in Sources */,
			);
			runOnlyForDeploymentPostprocessing = 0;
		};
/* End PBXSourcesBuildPhase section */

/* Begin PBXVariantGroup section */
		9C398A3F208118AF00BCDD46 /* Main.storyboard */ = {
			isa = PBXVariantGroup;
			children = (
				9C398A40208118AF00BCDD46 /* Base */,
			);
			name = Main.storyboard;
			sourceTree = "<group>";
		};
		9C398A44208118B000BCDD46 /* LaunchScreen.storyboard */ = {
			isa = PBXVariantGroup;
			children = (
				9C398A45208118B000BCDD46 /* Base */,
			);
			name = LaunchScreen.storyboard;
			sourceTree = "<group>";
		};
/* End PBXVariantGroup section */

/* Begin XCBuildConfiguration section */
		9C398A48208118B000BCDD46 /* Debug */ = {
			isa = XCBuildConfiguration;
			buildSettings = {
				ALWAYS_SEARCH_USER_PATHS = NO;
				CLANG_ANALYZER_NONNULL = YES;
				CLANG_ANALYZER_NUMBER_OBJECT_CONVERSION = YES_AGGRESSIVE;
				CLANG_CXX_LANGUAGE_STANDARD = "gnu++14";
				CLANG_CXX_LIBRARY = "libc++";
				CLANG_ENABLE_MODULES = YES;
				CLANG_ENABLE_OBJC_ARC = YES;
				CLANG_ENABLE_OBJC_WEAK = YES;
				CLANG_WARN_BLOCK_CAPTURE_AUTORELEASING = YES;
				CLANG_WARN_BOOL_CONVERSION = YES;
				CLANG_WARN_COMMA = YES;
				CLANG_WARN_CONSTANT_CONVERSION = YES;
				CLANG_WARN_DEPRECATED_OBJC_IMPLEMENTATIONS = YES;
				CLANG_WARN_DIRECT_OBJC_ISA_USAGE = YES_ERROR;
				CLANG_WARN_DOCUMENTATION_COMMENTS = YES;
				CLANG_WARN_EMPTY_BODY = YES;
				CLANG_WARN_ENUM_CONVERSION = YES;
				CLANG_WARN_INFINITE_RECURSION = YES;
				CLANG_WARN_INT_CONVERSION = YES;
				CLANG_WARN_NON_LITERAL_NULL_CONVERSION = YES;
				CLANG_WARN_OBJC_IMPLICIT_RETAIN_SELF = YES;
				CLANG_WARN_OBJC_LITERAL_CONVERSION = YES;
				CLANG_WARN_OBJC_ROOT_CLASS = YES_ERROR;
				CLANG_WARN_RANGE_LOOP_ANALYSIS = YES;
				CLANG_WARN_STRICT_PROTOTYPES = YES;
				CLANG_WARN_SUSPICIOUS_MOVE = YES;
				CLANG_WARN_UNGUARDED_AVAILABILITY = YES_AGGRESSIVE;
				CLANG_WARN_UNREACHABLE_CODE = YES;
				CLANG_WARN__DUPLICATE_METHOD_MATCH = YES;
				CODE_SIGN_IDENTITY = "iPhone Developer";
				COPY_PHASE_STRIP = NO;
				DEBUG_INFORMATION_FORMAT = dwarf;
				ENABLE_STRICT_OBJC_MSGSEND = YES;
				ENABLE_TESTABILITY = YES;
				GCC_C_LANGUAGE_STANDARD = gnu11;
				GCC_DYNAMIC_NO_PIC = NO;
				GCC_NO_COMMON_BLOCKS = YES;
				GCC_OPTIMIZATION_LEVEL = 0;
				GCC_PREPROCESSOR_DEFINITIONS = (
					"DEBUG=1",
					"$(inherited)",
				);
				GCC_WARN_64_TO_32_BIT_CONVERSION = YES;
				GCC_WARN_ABOUT_RETURN_TYPE = YES_ERROR;
				GCC_WARN_UNDECLARED_SELECTOR = YES;
				GCC_WARN_UNINITIALIZED_AUTOS = YES_AGGRESSIVE;
				GCC_WARN_UNUSED_FUNCTION = YES;
				GCC_WARN_UNUSED_VARIABLE = YES;
				IPHONEOS_DEPLOYMENT_TARGET = 11.3;
				MTL_ENABLE_DEBUG_INFO = YES;
				ONLY_ACTIVE_ARCH = YES;
				SDKROOT = iphoneos;
				SWIFT_ACTIVE_COMPILATION_CONDITIONS = DEBUG;
				SWIFT_OPTIMIZATION_LEVEL = "-Onone";
			};
			name = Debug;
		};
		9C398A49208118B000BCDD46 /* Release */ = {
			isa = XCBuildConfiguration;
			buildSettings = {
				ALWAYS_SEARCH_USER_PATHS = NO;
				CLANG_ANALYZER_NONNULL = YES;
				CLANG_ANALYZER_NUMBER_OBJECT_CONVERSION = YES_AGGRESSIVE;
				CLANG_CXX_LANGUAGE_STANDARD = "gnu++14";
				CLANG_CXX_LIBRARY = "libc++";
				CLANG_ENABLE_MODULES = YES;
				CLANG_ENABLE_OBJC_ARC = YES;
				CLANG_ENABLE_OBJC_WEAK = YES;
				CLANG_WARN_BLOCK_CAPTURE_AUTORELEASING = YES;
				CLANG_WARN_BOOL_CONVERSION = YES;
				CLANG_WARN_COMMA = YES;
				CLANG_WARN_CONSTANT_CONVERSION = YES;
				CLANG_WARN_DEPRECATED_OBJC_IMPLEMENTATIONS = YES;
				CLANG_WARN_DIRECT_OBJC_ISA_USAGE = YES_ERROR;
				CLANG_WARN_DOCUMENTATION_COMMENTS = YES;
				CLANG_WARN_EMPTY_BODY = YES;
				CLANG_WARN_ENUM_CONVERSION = YES;
				CLANG_WARN_INFINITE_RECURSION = YES;
				CLANG_WARN_INT_CONVERSION = YES;
				CLANG_WARN_NON_LITERAL_NULL_CONVERSION = YES;
				CLANG_WARN_OBJC_IMPLICIT_RETAIN_SELF = YES;
				CLANG_WARN_OBJC_LITERAL_CONVERSION = YES;
				CLANG_WARN_OBJC_ROOT_CLASS = YES_ERROR;
				CLANG_WARN_RANGE_LOOP_ANALYSIS = YES;
				CLANG_WARN_STRICT_PROTOTYPES = YES;
				CLANG_WARN_SUSPICIOUS_MOVE = YES;
				CLANG_WARN_UNGUARDED_AVAILABILITY = YES_AGGRESSIVE;
				CLANG_WARN_UNREACHABLE_CODE = YES;
				CLANG_WARN__DUPLICATE_METHOD_MATCH = YES;
				CODE_SIGN_IDENTITY = "iPhone Developer";
				COPY_PHASE_STRIP = NO;
				DEBUG_INFORMATION_FORMAT = "dwarf-with-dsym";
				ENABLE_NS_ASSERTIONS = NO;
				ENABLE_STRICT_OBJC_MSGSEND = YES;
				GCC_C_LANGUAGE_STANDARD = gnu11;
				GCC_NO_COMMON_BLOCKS = YES;
				GCC_WARN_64_TO_32_BIT_CONVERSION = YES;
				GCC_WARN_ABOUT_RETURN_TYPE = YES_ERROR;
				GCC_WARN_UNDECLARED_SELECTOR = YES;
				GCC_WARN_UNINITIALIZED_AUTOS = YES_AGGRESSIVE;
				GCC_WARN_UNUSED_FUNCTION = YES;
				GCC_WARN_UNUSED_VARIABLE = YES;
				IPHONEOS_DEPLOYMENT_TARGET = 11.3;
				MTL_ENABLE_DEBUG_INFO = NO;
				SDKROOT = iphoneos;
				SWIFT_COMPILATION_MODE = wholemodule;
				SWIFT_OPTIMIZATION_LEVEL = "-O";
				VALIDATE_PRODUCT = YES;
			};
			name = Release;
		};
		9C398A4B208118B000BCDD46 /* Debug */ = {
			isa = XCBuildConfiguration;
			buildSettings = {
				ASSETCATALOG_COMPILER_APPICON_NAME = AppIcon;
				CODE_SIGN_STYLE = Automatic;
				INFOPLIST_FILE = TechMonster/Info.plist;
				IPHONEOS_DEPLOYMENT_TARGET = 11.3;
				LD_RUNPATH_SEARCH_PATHS = (
					"$(inherited)",
					"@executable_path/Frameworks",
				);
				PRODUCT_BUNDLE_IDENTIFIER = com.litech.TechMonster;
				PRODUCT_NAME = "$(TARGET_NAME)";
				SWIFT_VERSION = 4.0;
				TARGETED_DEVICE_FAMILY = "1,2";
			};
			name = Debug;
		};
		9C398A4C208118B000BCDD46 /* Release */ = {
			isa = XCBuildConfiguration;
			buildSettings = {
				ASSETCATALOG_COMPILER_APPICON_NAME = AppIcon;
				CODE_SIGN_STYLE = Automatic;
				INFOPLIST_FILE = TechMonster/Info.plist;
				IPHONEOS_DEPLOYMENT_TARGET = 11.3;
				LD_RUNPATH_SEARCH_PATHS = (
					"$(inherited)",
					"@executable_path/Frameworks",
				);
				PRODUCT_BUNDLE_IDENTIFIER = com.litech.TechMonster;
				PRODUCT_NAME = "$(TARGET_NAME)";
				SWIFT_VERSION = 4.0;
				TARGETED_DEVICE_FAMILY = "1,2";
			};
			name = Release;
		};
/* End XCBuildConfiguration section */

/* Begin XCConfigurationList section */
		9C398A33208118AF00BCDD46 /* Build configuration list for PBXProject "TechMonster" */ = {
			isa = XCConfigurationList;
			buildConfigurations = (
				9C398A48208118B000BCDD46 /* Debug */,
				9C398A49208118B000BCDD46 /* Release */,
			);
			defaultConfigurationIsVisible = 0;
			defaultConfigurationName = Release;
		};
		9C398A4A208118B000BCDD46 /* Build configuration list for PBXNativeTarget "TechMonster" */ = {
			isa = XCConfigurationList;
			buildConfigurations = (
				9C398A4B208118B000BCDD46 /* Debug */,
				9C398A4C208118B000BCDD46 /* Release */,
			);
			defaultConfigurationIsVisible = 0;
			defaultConfigurationName = Release;
		};
/* End XCConfigurationList section */
	};
	rootObject = 9C398A30208118AF00BCDD46 /* Project object */;
}
